
Microsoft Visual Studio Solution File, Format Version 12.00
# Visual Studio 15
VisualStudioVersion = 15.0.28307.438
MinimumVisualStudioVersion = 10.0.40219.1
Project("{FAE04EC0-301F-11D3-BF4B-00C04F79EFBC}") = "AssemblyOne", "AssemblyOne\AssemblyOne.csproj", "{3BFED229-3FAE-4D10-8D6F-F044A904127C}"
EndProject
Project("{FAE04EC0-301F-11D3-BF4B-00C04F79EFBC}") = "AssemblyTwo", "AssemblyTwo\AssemblyTwo.csproj", "{74045C5C-88DC-4E7F-BB93-CFC4883EAF2C}"
EndProject
Global
	GlobalSection(SolutionConfigurationPlatforms) = preSolution
		Debug|Any CPU = Debug|Any CPU
		Release|Any CPU = Release|Any CPU
	EndGlobalSection
	GlobalSection(ProjectConfigurationPlatforms) = postSolution
		{3BFED229-3FAE-4D10-8D6F-F044A904127C}.Debug|Any CPU.ActiveCfg = Debug|Any CPU
		{3BFED229-3FAE-4D10-8D6F-F044A904127C}.Debug|Any CPU.Build.0 = Debug|Any CPU
		{3BFED229-3FAE-4D10-8D6F-F044A904127C}.Release|Any CPU.ActiveCfg = Release|Any CPU
		{3BFED229-3FAE-4D10-8D6F-F044A904127C}.Release|Any CPU.Build.0 = Release|Any CPU
		{74045C5C-88DC-4E7F-BB93-CFC4883EAF2C}.Debug|Any CPU.ActiveCfg = Debug|Any CPU
		{74045C5C-88DC-4E7F-BB93-CFC4883EAF2C}.Debug|Any CPU.Build.0 = Debug|Any CPU
		{74045C5C-88DC-4E7F-BB93-CFC4883EAF2C}.Release|Any CPU.ActiveCfg = Release|Any CPU
		{74045C5C-88DC-4E7F-BB93-CFC4883EAF2C}.Release|Any CPU.Build.0 = Release|Any CPU
	EndGlobalSection
	GlobalSection(SolutionProperties) = preSolution
		HideSolutionNode = FALSE
	EndGlobalSection
	GlobalSection(ExtensibilityGlobals) = postSolution
		SolutionGuid = {D36C4418-18C3-4C65-9FD2-32E313E8CF53}
	EndGlobalSection
EndGlobal
