
Microsoft Visual Studio Solution File, Format Version 12.00
# Visual Studio 15
VisualStudioVersion = 15.0.28307.438
MinimumVisualStudioVersion = 10.0.40219.1
Project("{FAE04EC0-301F-11D3-BF4B-00C04F79EFBC}") = "hm_10", "hm_10\hm_10.csproj", "{72243698-37A3-4F2D-B04F-076688765252}"
EndProject
Global
	GlobalSection(SolutionConfigurationPlatforms) = preSolution
		Debug|Any CPU = Debug|Any CPU
		Release|Any CPU = Release|Any CPU
	EndGlobalSection
	GlobalSection(ProjectConfigurationPlatforms) = postSolution
		{72243698-37A3-4F2D-B04F-076688765252}.Debug|Any CPU.ActiveCfg = Debug|Any CPU
		{72243698-37A3-4F2D-B04F-076688765252}.Debug|Any CPU.Build.0 = Debug|Any CPU
		{72243698-37A3-4F2D-B04F-076688765252}.Release|Any CPU.ActiveCfg = Release|Any CPU
		{72243698-37A3-4F2D-B04F-076688765252}.Release|Any CPU.Build.0 = Release|Any CPU
	EndGlobalSection
	GlobalSection(SolutionProperties) = preSolution
		HideSolutionNode = FALSE
	EndGlobalSection
	GlobalSection(ExtensibilityGlobals) = postSolution
		SolutionGuid = {AFAB3E0A-0E46-471A-9DA5-13902E9D710D}
	EndGlobalSection
EndGlobal
